
Microsoft Visual Studio Solution File, Format Version 12.00
# Visual Studio Version 17
VisualStudioVersion = 17.5.33414.496
MinimumVisualStudioVersion = 10.0.40219.1
Project("{8BC9CEB8-8B4A-11D0-8D11-00A0C91BC942}") = "TestRtMidi", "TestRtMidi.vcxproj", "{339B69D5-B64A-4487-BC57-9CCD38DBD9A7}"
EndProject
Project("{8BC9CEB8-8B4A-11D0-8D11-00A0C91BC942}") = "AffichageMidi", "..\AffichageMidi\AffichageMidi.vcxproj", "{C6430308-5E3C-4283-B5CF-D8FD78FFD038}"
EndProject
Project("{8BC9CEB8-8B4A-11D0-8D11-00A0C91BC942}") = "QtQuickApplicationTest", "..\QtQuickApplicationTest\QtQuickApplicationTest.vcxproj", "{DE308EFE-5553-44E2-BA5D-BEC92479BDDA}"
EndProject
Project("{8BC9CEB8-8B4A-11D0-8D11-00A0C91BC942}") = "LibMScoreLib", "..\LibMScoreLib\LibMScoreLib.vcxproj", "{26DB7D1D-B0D9-4F76-8B19-F62B471E8AEE}"
EndProject
Project("{8BC9CEB8-8B4A-11D0-8D11-00A0C91BC942}") = "LibScoreCpp", "..\LibScoreCpp\LibScoreCpp.vcxproj", "{2757C157-5ECD-4194-9DE7-CBE01D97020E}"
EndProject
Project("{8BC9CEB8-8B4A-11D0-8D11-00A0C91BC942}") = "CppQtTest", "..\CppQtTest\CppQtTest.vcxproj", "{E3A14E72-DAA1-45AE-B0C1-32EDC0C08B93}"
EndProject
Global
	GlobalSection(SolutionConfigurationPlatforms) = preSolution
		Debug|x64 = Debug|x64
		Debug|x86 = Debug|x86
		Release|x64 = Release|x64
		Release|x86 = Release|x86
	EndGlobalSection
	GlobalSection(ProjectConfigurationPlatforms) = postSolution
		{339B69D5-B64A-4487-BC57-9CCD38DBD9A7}.Debug|x64.ActiveCfg = Debug|x64
		{339B69D5-B64A-4487-BC57-9CCD38DBD9A7}.Debug|x64.Build.0 = Debug|x64
		{339B69D5-B64A-4487-BC57-9CCD38DBD9A7}.Debug|x86.ActiveCfg = Debug|Win32
		{339B69D5-B64A-4487-BC57-9CCD38DBD9A7}.Debug|x86.Build.0 = Debug|Win32
		{339B69D5-B64A-4487-BC57-9CCD38DBD9A7}.Release|x64.ActiveCfg = Release|x64
		{339B69D5-B64A-4487-BC57-9CCD38DBD9A7}.Release|x64.Build.0 = Release|x64
		{339B69D5-B64A-4487-BC57-9CCD38DBD9A7}.Release|x86.ActiveCfg = Release|Win32
		{339B69D5-B64A-4487-BC57-9CCD38DBD9A7}.Release|x86.Build.0 = Release|Win32
		{C6430308-5E3C-4283-B5CF-D8FD78FFD038}.Debug|x64.ActiveCfg = Debug|x64
		{C6430308-5E3C-4283-B5CF-D8FD78FFD038}.Debug|x64.Build.0 = Debug|x64
		{C6430308-5E3C-4283-B5CF-D8FD78FFD038}.Debug|x86.ActiveCfg = Debug|Win32
		{C6430308-5E3C-4283-B5CF-D8FD78FFD038}.Debug|x86.Build.0 = Debug|Win32
		{C6430308-5E3C-4283-B5CF-D8FD78FFD038}.Release|x64.ActiveCfg = Release|x64
		{C6430308-5E3C-4283-B5CF-D8FD78FFD038}.Release|x64.Build.0 = Release|x64
		{C6430308-5E3C-4283-B5CF-D8FD78FFD038}.Release|x86.ActiveCfg = Release|Win32
		{C6430308-5E3C-4283-B5CF-D8FD78FFD038}.Release|x86.Build.0 = Release|Win32
		{DE308EFE-5553-44E2-BA5D-BEC92479BDDA}.Debug|x64.ActiveCfg = Debug|x64
		{DE308EFE-5553-44E2-BA5D-BEC92479BDDA}.Debug|x64.Build.0 = Debug|x64
		{DE308EFE-5553-44E2-BA5D-BEC92479BDDA}.Debug|x86.ActiveCfg = Debug|x64
		{DE308EFE-5553-44E2-BA5D-BEC92479BDDA}.Debug|x86.Build.0 = Debug|x64
		{DE308EFE-5553-44E2-BA5D-BEC92479BDDA}.Release|x64.ActiveCfg = Debug|x64
		{DE308EFE-5553-44E2-BA5D-BEC92479BDDA}.Release|x64.Build.0 = Debug|x64
		{DE308EFE-5553-44E2-BA5D-BEC92479BDDA}.Release|x86.ActiveCfg = Debug|x64
		{DE308EFE-5553-44E2-BA5D-BEC92479BDDA}.Release|x86.Build.0 = Debug|x64
		{26DB7D1D-B0D9-4F76-8B19-F62B471E8AEE}.Debug|x64.ActiveCfg = Debug|x64
		{26DB7D1D-B0D9-4F76-8B19-F62B471E8AEE}.Debug|x64.Build.0 = Debug|x64
		{26DB7D1D-B0D9-4F76-8B19-F62B471E8AEE}.Debug|x86.ActiveCfg = Debug|x64
		{26DB7D1D-B0D9-4F76-8B19-F62B471E8AEE}.Debug|x86.Build.0 = Debug|x64
		{26DB7D1D-B0D9-4F76-8B19-F62B471E8AEE}.Release|x64.ActiveCfg = Release|x64
		{26DB7D1D-B0D9-4F76-8B19-F62B471E8AEE}.Release|x64.Build.0 = Release|x64
		{26DB7D1D-B0D9-4F76-8B19-F62B471E8AEE}.Release|x86.ActiveCfg = Release|x64
		{26DB7D1D-B0D9-4F76-8B19-F62B471E8AEE}.Release|x86.Build.0 = Release|x64
		{2757C157-5ECD-4194-9DE7-CBE01D97020E}.Debug|x64.ActiveCfg = Debug|x64
		{2757C157-5ECD-4194-9DE7-CBE01D97020E}.Debug|x64.Build.0 = Debug|x64
		{2757C157-5ECD-4194-9DE7-CBE01D97020E}.Debug|x86.ActiveCfg = Debug|Win32
		{2757C157-5ECD-4194-9DE7-CBE01D97020E}.Debug|x86.Build.0 = Debug|Win32
		{2757C157-5ECD-4194-9DE7-CBE01D97020E}.Release|x64.ActiveCfg = Release|x64
		{2757C157-5ECD-4194-9DE7-CBE01D97020E}.Release|x64.Build.0 = Release|x64
		{2757C157-5ECD-4194-9DE7-CBE01D97020E}.Release|x86.ActiveCfg = Release|Win32
		{2757C157-5ECD-4194-9DE7-CBE01D97020E}.Release|x86.Build.0 = Release|Win32
		{E3A14E72-DAA1-45AE-B0C1-32EDC0C08B93}.Debug|x64.ActiveCfg = Debug|x64
		{E3A14E72-DAA1-45AE-B0C1-32EDC0C08B93}.Debug|x64.Build.0 = Debug|x64
		{E3A14E72-DAA1-45AE-B0C1-32EDC0C08B93}.Debug|x86.ActiveCfg = Debug|Win32
		{E3A14E72-DAA1-45AE-B0C1-32EDC0C08B93}.Debug|x86.Build.0 = Debug|Win32
		{E3A14E72-DAA1-45AE-B0C1-32EDC0C08B93}.Release|x64.ActiveCfg = Release|x64
		{E3A14E72-DAA1-45AE-B0C1-32EDC0C08B93}.Release|x64.Build.0 = Release|x64
		{E3A14E72-DAA1-45AE-B0C1-32EDC0C08B93}.Release|x86.ActiveCfg = Release|Win32
		{E3A14E72-DAA1-45AE-B0C1-32EDC0C08B93}.Release|x86.Build.0 = Release|Win32
	EndGlobalSection
	GlobalSection(SolutionProperties) = preSolution
		HideSolutionNode = FALSE
	EndGlobalSection
	GlobalSection(ExtensibilityGlobals) = postSolution
		SolutionGuid = {B28DDE7E-03FD-494B-9854-25A01B2DCFBA}
	EndGlobalSection
EndGlobal
